
Microsoft Visual Studio Solution File, Format Version 12.00
# Visual Studio 15
VisualStudioVersion = 15.0.28010.2026
MinimumVisualStudioVersion = 10.0.40219.1
Project("{FAE04EC0-301F-11D3-BF4B-00C04F79EFBC}") = "Blog", "Blog\Blog.csproj", "{410E0149-1973-4293-9280-471C3CC83CE8}"
EndProject
Global
	GlobalSection(SolutionConfigurationPlatforms) = preSolution
		Debug|Any CPU = Debug|Any CPU
		Release|Any CPU = Release|Any CPU
	EndGlobalSection
	GlobalSection(ProjectConfigurationPlatforms) = postSolution
		{410E0149-1973-4293-9280-471C3CC83CE8}.Debug|Any CPU.ActiveCfg = Debug|Any CPU
		{410E0149-1973-4293-9280-471C3CC83CE8}.Debug|Any CPU.Build.0 = Debug|Any CPU
		{410E0149-1973-4293-9280-471C3CC83CE8}.Release|Any CPU.ActiveCfg = Release|Any CPU
		{410E0149-1973-4293-9280-471C3CC83CE8}.Release|Any CPU.Build.0 = Release|Any CPU
	EndGlobalSection
	GlobalSection(SolutionProperties) = preSolution
		HideSolutionNode = FALSE
	EndGlobalSection
	GlobalSection(ExtensibilityGlobals) = postSolution
		SolutionGuid = {F3EE2C4A-491D-4B99-A827-A152A6B078DA}
	EndGlobalSection
EndGlobal
